
Microsoft Visual Studio Solution File, Format Version 12.00
# Visual Studio Version 17
VisualStudioVersion = 17.0.31903.59
MinimumVisualStudioVersion = 10.0.40219.1
Project("{9A19103F-16F7-4668-BE54-9A1E7A4F7556}") = "Tyuiu.KomarovNA.Sprint4.Task0.V9.Lib", "Tyuiu.KomarovNA.Sprint4.Task0.V9.Lib\Tyuiu.KomarovNA.Sprint4.Task0.V9.Lib.csproj", "{2B5A8BBF-2ABC-4074-80E1-7EACF3EB2239}"
EndProject
Project("{9A19103F-16F7-4668-BE54-9A1E7A4F7556}") = "Tyuiu.KomarovNA.Sprint4.Task0.V9", "Tyuiu.KomarovNA.Sprint4.Task0.V9\Tyuiu.KomarovNA.Sprint4.Task0.V9.csproj", "{E50C25BD-7B98-46C7-9EA1-31E078C4D195}"
EndProject
Project("{9A19103F-16F7-4668-BE54-9A1E7A4F7556}") = "Tyuiu.KomarovNA.Sprint4.Task0.V9.Test", "Tyuiu.KomarovNA.Sprint4.Task0.V9.Test\Tyuiu.KomarovNA.Sprint4.Task0.V9.Test.csproj", "{36AB46AF-74E2-48A2-ADA1-498FE179AA7E}"
EndProject
Project("{2150E333-8FDC-42A3-9474-1A3956D46DE8}") = "Task0", "Task0", "{9B6F4149-7AC3-42C0-B7EC-2475295FEC7E}"
EndProject
Project("{9A19103F-16F7-4668-BE54-9A1E7A4F7556}") = "Tyuiu.KomarovNA.Sprint4.Task1.V14.Lib", "Tyuiu.KomarovNA.Sprint4.Task1.V14.Lib\Tyuiu.KomarovNA.Sprint4.Task1.V14.Lib.csproj", "{EBA6A316-D344-49E5-9D58-76DEC2EF9666}"
EndProject
Project("{9A19103F-16F7-4668-BE54-9A1E7A4F7556}") = "Tyuiu.KomarovNA.Sprint4.Task1.V14", "Tyuiu.KomarovNA.Sprint4.Task1.V14\Tyuiu.KomarovNA.Sprint4.Task1.V14.csproj", "{AF8C4898-F40E-47E9-B76D-A9E4B007402D}"
EndProject
Project("{9A19103F-16F7-4668-BE54-9A1E7A4F7556}") = "Tyuiu.KomarovNA.Sprint4.Task1.V14.Test", "Tyuiu.KomarovNA.Sprint4.Task1.V14.Test\Tyuiu.KomarovNA.Sprint4.Task1.V14.Test.csproj", "{6144193A-E9E7-41EB-8EDD-4E8114B3A8BD}"
EndProject
Project("{2150E333-8FDC-42A3-9474-1A3956D46DE8}") = "Task1", "Task1", "{82B01000-2389-4821-B9BC-D5D0D2D2E275}"
EndProject
Project("{9A19103F-16F7-4668-BE54-9A1E7A4F7556}") = "Tyuiu.KomarovNA.Sprint4.Task2.V4.Lib", "Tyuiu.KomarovNA.Sprint4.Task2.V4.Lib\Tyuiu.KomarovNA.Sprint4.Task2.V4.Lib.csproj", "{F072920E-B591-4399-91FF-0E7293C4A892}"
EndProject
Project("{9A19103F-16F7-4668-BE54-9A1E7A4F7556}") = "Tyuiu.KomarovNA.Sprint4.Task2.V4", "Tyuiu.KomarovNA.Sprint4.Task2.V4\Tyuiu.KomarovNA.Sprint4.Task2.V4.csproj", "{89247C8E-4C63-4901-B225-83EAE7319E8A}"
EndProject
Project("{9A19103F-16F7-4668-BE54-9A1E7A4F7556}") = "Tyuiu.KomarovNA.Sprint4.Task2.V4.Test", "Tyuiu.KomarovNA.Sprint4.Task2.V4.Test\Tyuiu.KomarovNA.Sprint4.Task2.V4.Test.csproj", "{CDF8E69C-8F14-4AEF-8DDE-9579EA22F73F}"
EndProject
Project("{2150E333-8FDC-42A3-9474-1A3956D46DE8}") = "Task2", "Task2", "{73BDC3C5-9214-4AFF-BF27-5D751ED4DAE2}"
EndProject
Project("{9A19103F-16F7-4668-BE54-9A1E7A4F7556}") = "Tyuiu.KomarovNA.Sprint4.Task3.V14.Lib", "Tyuiu.KomarovNA.Sprint4.Task3.V14.Lib\Tyuiu.KomarovNA.Sprint4.Task3.V14.Lib.csproj", "{8CEDF06B-3ECF-4FEB-AD17-A31A78FC675E}"
EndProject
Project("{9A19103F-16F7-4668-BE54-9A1E7A4F7556}") = "Tyuiu.KomarovNA.Sprint4.Task3.V14", "Tyuiu.KomarovNA.Sprint4.Task3.V14\Tyuiu.KomarovNA.Sprint4.Task3.V14.csproj", "{17B61760-8394-4AD1-BE36-4CCFCCC5A2C4}"
EndProject
Project("{9A19103F-16F7-4668-BE54-9A1E7A4F7556}") = "Tyuiu.KomarovNA.Sprint4.Task3.V14.Test", "Tyuiu.KomarovNA.Sprint4.Task3.V14.Test\Tyuiu.KomarovNA.Sprint4.Task3.V14.Test.csproj", "{23FFF4D3-9FAF-405A-B4BA-CB04703EB762}"
EndProject
Project("{2150E333-8FDC-42A3-9474-1A3956D46DE8}") = "Task3", "Task3", "{1B061E29-A327-46E6-AB83-F60FCDDC4328}"
EndProject
Project("{9A19103F-16F7-4668-BE54-9A1E7A4F7556}") = "Tyuiu.KomarovNA.Sprint4.Task4.V2.Lib", "Tyuiu.KomarovNA.Sprint4.Task4.V2.Lib\Tyuiu.KomarovNA.Sprint4.Task4.V2.Lib.csproj", "{A9E65146-4656-4AC8-B957-998FB7D8592C}"
EndProject
Project("{9A19103F-16F7-4668-BE54-9A1E7A4F7556}") = "Tyuiu.KomarovNA.Sprint4.Task4.V2", "Tyuiu.KomarovNA.Sprint4.Task4.V2\Tyuiu.KomarovNA.Sprint4.Task4.V2.csproj", "{1C9C3F49-5EBE-4F07-BC6A-05520536CED7}"
EndProject
Project("{9A19103F-16F7-4668-BE54-9A1E7A4F7556}") = "Tyuiu.KomarovNA.Sprint4.Task4.V2.Test", "Tyuiu.KomarovNA.Sprint4.Task4.V2.Test\Tyuiu.KomarovNA.Sprint4.Task4.V2.Test.csproj", "{9D88ABF8-CAAF-4392-8D5B-03E412C62479}"
EndProject
Project("{2150E333-8FDC-42A3-9474-1A3956D46DE8}") = "Task4", "Task4", "{C0529497-FD46-4FB4-B500-B8BC2FAB7380}"
EndProject
Project("{9A19103F-16F7-4668-BE54-9A1E7A4F7556}") = "Tyuiu.KomarovNA.Sprint4.Task5.V29.Lib", "Tyuiu.KomarovNA.Sprint4.Task5.V29.Lib\Tyuiu.KomarovNA.Sprint4.Task5.V29.Lib.csproj", "{ED012195-A46F-45C6-AFB7-FD9A219E6AA9}"
EndProject
Project("{9A19103F-16F7-4668-BE54-9A1E7A4F7556}") = "Tyuiu.KomarovNA.Sprint4.Task5.V29", "Tyuiu.KomarovNA.Sprint4.Task5.V29\Tyuiu.KomarovNA.Sprint4.Task5.V29.csproj", "{7C6EFC2C-EDB8-4AE4-9406-D64E573FDDD5}"
EndProject
Project("{9A19103F-16F7-4668-BE54-9A1E7A4F7556}") = "Tyuiu.KomarovNA.Sprint4.Task5.V29.Test", "Tyuiu.KomarovNA.Sprint4.Task5.V29.Test\Tyuiu.KomarovNA.Sprint4.Task5.V29.Test.csproj", "{E0096AE5-065B-4951-9402-ADDC84D9D62A}"
EndProject
Project("{2150E333-8FDC-42A3-9474-1A3956D46DE8}") = "Task5", "Task5", "{8C64C5C1-FA55-4EEC-A4E7-D0B8C846822A}"
EndProject
Global
	GlobalSection(SolutionConfigurationPlatforms) = preSolution
		Debug|Any CPU = Debug|Any CPU
		Release|Any CPU = Release|Any CPU
	EndGlobalSection
	GlobalSection(ProjectConfigurationPlatforms) = postSolution
		{2B5A8BBF-2ABC-4074-80E1-7EACF3EB2239}.Debug|Any CPU.ActiveCfg = Debug|Any CPU
		{2B5A8BBF-2ABC-4074-80E1-7EACF3EB2239}.Debug|Any CPU.Build.0 = Debug|Any CPU
		{2B5A8BBF-2ABC-4074-80E1-7EACF3EB2239}.Release|Any CPU.ActiveCfg = Release|Any CPU
		{2B5A8BBF-2ABC-4074-80E1-7EACF3EB2239}.Release|Any CPU.Build.0 = Release|Any CPU
		{E50C25BD-7B98-46C7-9EA1-31E078C4D195}.Debug|Any CPU.ActiveCfg = Debug|Any CPU
		{E50C25BD-7B98-46C7-9EA1-31E078C4D195}.Debug|Any CPU.Build.0 = Debug|Any CPU
		{E50C25BD-7B98-46C7-9EA1-31E078C4D195}.Release|Any CPU.ActiveCfg = Release|Any CPU
		{E50C25BD-7B98-46C7-9EA1-31E078C4D195}.Release|Any CPU.Build.0 = Release|Any CPU
		{36AB46AF-74E2-48A2-ADA1-498FE179AA7E}.Debug|Any CPU.ActiveCfg = Debug|Any CPU
		{36AB46AF-74E2-48A2-ADA1-498FE179AA7E}.Debug|Any CPU.Build.0 = Debug|Any CPU
		{36AB46AF-74E2-48A2-ADA1-498FE179AA7E}.Release|Any CPU.ActiveCfg = Release|Any CPU
		{36AB46AF-74E2-48A2-ADA1-498FE179AA7E}.Release|Any CPU.Build.0 = Release|Any CPU
		{EBA6A316-D344-49E5-9D58-76DEC2EF9666}.Debug|Any CPU.ActiveCfg = Debug|Any CPU
		{EBA6A316-D344-49E5-9D58-76DEC2EF9666}.Debug|Any CPU.Build.0 = Debug|Any CPU
		{EBA6A316-D344-49E5-9D58-76DEC2EF9666}.Release|Any CPU.ActiveCfg = Release|Any CPU
		{EBA6A316-D344-49E5-9D58-76DEC2EF9666}.Release|Any CPU.Build.0 = Release|Any CPU
		{AF8C4898-F40E-47E9-B76D-A9E4B007402D}.Debug|Any CPU.ActiveCfg = Debug|Any CPU
		{AF8C4898-F40E-47E9-B76D-A9E4B007402D}.Debug|Any CPU.Build.0 = Debug|Any CPU
		{AF8C4898-F40E-47E9-B76D-A9E4B007402D}.Release|Any CPU.ActiveCfg = Release|Any CPU
		{AF8C4898-F40E-47E9-B76D-A9E4B007402D}.Release|Any CPU.Build.0 = Release|Any CPU
		{6144193A-E9E7-41EB-8EDD-4E8114B3A8BD}.Debug|Any CPU.ActiveCfg = Debug|Any CPU
		{6144193A-E9E7-41EB-8EDD-4E8114B3A8BD}.Debug|Any CPU.Build.0 = Debug|Any CPU
		{6144193A-E9E7-41EB-8EDD-4E8114B3A8BD}.Release|Any CPU.ActiveCfg = Release|Any CPU
		{6144193A-E9E7-41EB-8EDD-4E8114B3A8BD}.Release|Any CPU.Build.0 = Release|Any CPU
		{F072920E-B591-4399-91FF-0E7293C4A892}.Debug|Any CPU.ActiveCfg = Debug|Any CPU
		{F072920E-B591-4399-91FF-0E7293C4A892}.Debug|Any CPU.Build.0 = Debug|Any CPU
		{F072920E-B591-4399-91FF-0E7293C4A892}.Release|Any CPU.ActiveCfg = Release|Any CPU
		{F072920E-B591-4399-91FF-0E7293C4A892}.Release|Any CPU.Build.0 = Release|Any CPU
		{89247C8E-4C63-4901-B225-83EAE7319E8A}.Debug|Any CPU.ActiveCfg = Debug|Any CPU
		{89247C8E-4C63-4901-B225-83EAE7319E8A}.Debug|Any CPU.Build.0 = Debug|Any CPU
		{89247C8E-4C63-4901-B225-83EAE7319E8A}.Release|Any CPU.ActiveCfg = Release|Any CPU
		{89247C8E-4C63-4901-B225-83EAE7319E8A}.Release|Any CPU.Build.0 = Release|Any CPU
		{CDF8E69C-8F14-4AEF-8DDE-9579EA22F73F}.Debug|Any CPU.ActiveCfg = Debug|Any CPU
		{CDF8E69C-8F14-4AEF-8DDE-9579EA22F73F}.Debug|Any CPU.Build.0 = Debug|Any CPU
		{CDF8E69C-8F14-4AEF-8DDE-9579EA22F73F}.Release|Any CPU.ActiveCfg = Release|Any CPU
		{CDF8E69C-8F14-4AEF-8DDE-9579EA22F73F}.Release|Any CPU.Build.0 = Release|Any CPU
		{8CEDF06B-3ECF-4FEB-AD17-A31A78FC675E}.Debug|Any CPU.ActiveCfg = Debug|Any CPU
		{8CEDF06B-3ECF-4FEB-AD17-A31A78FC675E}.Debug|Any CPU.Build.0 = Debug|Any CPU
		{8CEDF06B-3ECF-4FEB-AD17-A31A78FC675E}.Release|Any CPU.ActiveCfg = Release|Any CPU
		{8CEDF06B-3ECF-4FEB-AD17-A31A78FC675E}.Release|Any CPU.Build.0 = Release|Any CPU
		{17B61760-8394-4AD1-BE36-4CCFCCC5A2C4}.Debug|Any CPU.ActiveCfg = Debug|Any CPU
		{17B61760-8394-4AD1-BE36-4CCFCCC5A2C4}.Debug|Any CPU.Build.0 = Debug|Any CPU
		{17B61760-8394-4AD1-BE36-4CCFCCC5A2C4}.Release|Any CPU.ActiveCfg = Release|Any CPU
		{17B61760-8394-4AD1-BE36-4CCFCCC5A2C4}.Release|Any CPU.Build.0 = Release|Any CPU
		{23FFF4D3-9FAF-405A-B4BA-CB04703EB762}.Debug|Any CPU.ActiveCfg = Debug|Any CPU
		{23FFF4D3-9FAF-405A-B4BA-CB04703EB762}.Debug|Any CPU.Build.0 = Debug|Any CPU
		{23FFF4D3-9FAF-405A-B4BA-CB04703EB762}.Release|Any CPU.ActiveCfg = Release|Any CPU
		{23FFF4D3-9FAF-405A-B4BA-CB04703EB762}.Release|Any CPU.Build.0 = Release|Any CPU
		{A9E65146-4656-4AC8-B957-998FB7D8592C}.Debug|Any CPU.ActiveCfg = Debug|Any CPU
		{A9E65146-4656-4AC8-B957-998FB7D8592C}.Debug|Any CPU.Build.0 = Debug|Any CPU
		{A9E65146-4656-4AC8-B957-998FB7D8592C}.Release|Any CPU.ActiveCfg = Release|Any CPU
		{A9E65146-4656-4AC8-B957-998FB7D8592C}.Release|Any CPU.Build.0 = Release|Any CPU
		{1C9C3F49-5EBE-4F07-BC6A-05520536CED7}.Debug|Any CPU.ActiveCfg = Debug|Any CPU
		{1C9C3F49-5EBE-4F07-BC6A-05520536CED7}.Debug|Any CPU.Build.0 = Debug|Any CPU
		{1C9C3F49-5EBE-4F07-BC6A-05520536CED7}.Release|Any CPU.ActiveCfg = Release|Any CPU
		{1C9C3F49-5EBE-4F07-BC6A-05520536CED7}.Release|Any CPU.Build.0 = Release|Any CPU
		{9D88ABF8-CAAF-4392-8D5B-03E412C62479}.Debug|Any CPU.ActiveCfg = Debug|Any CPU
		{9D88ABF8-CAAF-4392-8D5B-03E412C62479}.Debug|Any CPU.Build.0 = Debug|Any CPU
		{9D88ABF8-CAAF-4392-8D5B-03E412C62479}.Release|Any CPU.ActiveCfg = Release|Any CPU
		{9D88ABF8-CAAF-4392-8D5B-03E412C62479}.Release|Any CPU.Build.0 = Release|Any CPU
		{ED012195-A46F-45C6-AFB7-FD9A219E6AA9}.Debug|Any CPU.ActiveCfg = Debug|Any CPU
		{ED012195-A46F-45C6-AFB7-FD9A219E6AA9}.Debug|Any CPU.Build.0 = Debug|Any CPU
		{ED012195-A46F-45C6-AFB7-FD9A219E6AA9}.Release|Any CPU.ActiveCfg = Release|Any CPU
		{ED012195-A46F-45C6-AFB7-FD9A219E6AA9}.Release|Any CPU.Build.0 = Release|Any CPU
		{7C6EFC2C-EDB8-4AE4-9406-D64E573FDDD5}.Debug|Any CPU.ActiveCfg = Debug|Any CPU
		{7C6EFC2C-EDB8-4AE4-9406-D64E573FDDD5}.Debug|Any CPU.Build.0 = Debug|Any CPU
		{7C6EFC2C-EDB8-4AE4-9406-D64E573FDDD5}.Release|Any CPU.ActiveCfg = Release|Any CPU
		{7C6EFC2C-EDB8-4AE4-9406-D64E573FDDD5}.Release|Any CPU.Build.0 = Release|Any CPU
		{E0096AE5-065B-4951-9402-ADDC84D9D62A}.Debug|Any CPU.ActiveCfg = Debug|Any CPU
		{E0096AE5-065B-4951-9402-ADDC84D9D62A}.Debug|Any CPU.Build.0 = Debug|Any CPU
		{E0096AE5-065B-4951-9402-ADDC84D9D62A}.Release|Any CPU.ActiveCfg = Release|Any CPU
		{E0096AE5-065B-4951-9402-ADDC84D9D62A}.Release|Any CPU.Build.0 = Release|Any CPU
	EndGlobalSection
	GlobalSection(SolutionProperties) = preSolution
		HideSolutionNode = FALSE
	EndGlobalSection
	GlobalSection(NestedProjects) = preSolution
		{2B5A8BBF-2ABC-4074-80E1-7EACF3EB2239} = {9B6F4149-7AC3-42C0-B7EC-2475295FEC7E}
		{E50C25BD-7B98-46C7-9EA1-31E078C4D195} = {9B6F4149-7AC3-42C0-B7EC-2475295FEC7E}
		{36AB46AF-74E2-48A2-ADA1-498FE179AA7E} = {9B6F4149-7AC3-42C0-B7EC-2475295FEC7E}
		{EBA6A316-D344-49E5-9D58-76DEC2EF9666} = {82B01000-2389-4821-B9BC-D5D0D2D2E275}
		{AF8C4898-F40E-47E9-B76D-A9E4B007402D} = {82B01000-2389-4821-B9BC-D5D0D2D2E275}
		{6144193A-E9E7-41EB-8EDD-4E8114B3A8BD} = {82B01000-2389-4821-B9BC-D5D0D2D2E275}
		{F072920E-B591-4399-91FF-0E7293C4A892} = {73BDC3C5-9214-4AFF-BF27-5D751ED4DAE2}
		{89247C8E-4C63-4901-B225-83EAE7319E8A} = {73BDC3C5-9214-4AFF-BF27-5D751ED4DAE2}
		{CDF8E69C-8F14-4AEF-8DDE-9579EA22F73F} = {73BDC3C5-9214-4AFF-BF27-5D751ED4DAE2}
		{8CEDF06B-3ECF-4FEB-AD17-A31A78FC675E} = {1B061E29-A327-46E6-AB83-F60FCDDC4328}
		{17B61760-8394-4AD1-BE36-4CCFCCC5A2C4} = {1B061E29-A327-46E6-AB83-F60FCDDC4328}
		{23FFF4D3-9FAF-405A-B4BA-CB04703EB762} = {1B061E29-A327-46E6-AB83-F60FCDDC4328}
		{A9E65146-4656-4AC8-B957-998FB7D8592C} = {C0529497-FD46-4FB4-B500-B8BC2FAB7380}
		{1C9C3F49-5EBE-4F07-BC6A-05520536CED7} = {C0529497-FD46-4FB4-B500-B8BC2FAB7380}
		{9D88ABF8-CAAF-4392-8D5B-03E412C62479} = {C0529497-FD46-4FB4-B500-B8BC2FAB7380}
		{ED012195-A46F-45C6-AFB7-FD9A219E6AA9} = {8C64C5C1-FA55-4EEC-A4E7-D0B8C846822A}
		{7C6EFC2C-EDB8-4AE4-9406-D64E573FDDD5} = {8C64C5C1-FA55-4EEC-A4E7-D0B8C846822A}
		{E0096AE5-065B-4951-9402-ADDC84D9D62A} = {8C64C5C1-FA55-4EEC-A4E7-D0B8C846822A}
	EndGlobalSection
	GlobalSection(ExtensibilityGlobals) = postSolution
		SolutionGuid = {ECA314B6-1F21-4B2D-882D-930DCE7F62E1}
	EndGlobalSection
EndGlobal
